
Microsoft Visual Studio Solution File, Format Version 12.00
# Visual Studio Version 17
VisualStudioVersion = 17.5.33502.453
MinimumVisualStudioVersion = 10.0.40219.1
Project("{FAE04EC0-301F-11D3-BF4B-00C04F79EFBC}") = "FEVideoteca", "FEVideoteca\FEVideoteca.csproj", "{EF8E2176-4EB0-4A8F-BD1F-879679956092}"
EndProject
Global
	GlobalSection(SolutionConfigurationPlatforms) = preSolution
		Debug|Any CPU = Debug|Any CPU
		Release|Any CPU = Release|Any CPU
	EndGlobalSection
	GlobalSection(ProjectConfigurationPlatforms) = postSolution
		{EF8E2176-4EB0-4A8F-BD1F-879679956092}.Debug|Any CPU.ActiveCfg = Debug|Any CPU
		{EF8E2176-4EB0-4A8F-BD1F-879679956092}.Debug|Any CPU.Build.0 = Debug|Any CPU
		{EF8E2176-4EB0-4A8F-BD1F-879679956092}.Release|Any CPU.ActiveCfg = Release|Any CPU
		{EF8E2176-4EB0-4A8F-BD1F-879679956092}.Release|Any CPU.Build.0 = Release|Any CPU
	EndGlobalSection
	GlobalSection(SolutionProperties) = preSolution
		HideSolutionNode = FALSE
	EndGlobalSection
	GlobalSection(ExtensibilityGlobals) = postSolution
		SolutionGuid = {3A1F6EE5-5881-427B-97ED-D05EBD8C505D}
	EndGlobalSection
EndGlobal
